
Microsoft Visual Studio Solution File, Format Version 12.00
# Visual Studio Version 17
VisualStudioVersion = 17.2.32519.379
MinimumVisualStudioVersion = 10.0.40219.1
Project("{FAE04EC0-301F-11D3-BF4B-00C04F79EFBC}") = "ConsoleApp2", "ConsoleApp2\ConsoleApp2.csproj", "{D6575874-865D-4D85-931D-B1B9AB11F939}"
EndProject
Global
	GlobalSection(SolutionConfigurationPlatforms) = preSolution
		Debug|Any CPU = Debug|Any CPU
		Release|Any CPU = Release|Any CPU
	EndGlobalSection
	GlobalSection(ProjectConfigurationPlatforms) = postSolution
		{D6575874-865D-4D85-931D-B1B9AB11F939}.Debug|Any CPU.ActiveCfg = Debug|Any CPU
		{D6575874-865D-4D85-931D-B1B9AB11F939}.Debug|Any CPU.Build.0 = Debug|Any CPU
		{D6575874-865D-4D85-931D-B1B9AB11F939}.Release|Any CPU.ActiveCfg = Release|Any CPU
		{D6575874-865D-4D85-931D-B1B9AB11F939}.Release|Any CPU.Build.0 = Release|Any CPU
	EndGlobalSection
	GlobalSection(SolutionProperties) = preSolution
		HideSolutionNode = FALSE
	EndGlobalSection
	GlobalSection(ExtensibilityGlobals) = postSolution
		SolutionGuid = {C6F565A1-966B-4AC5-8BF5-F156FFA04BA0}
	EndGlobalSection
EndGlobal
